
Microsoft Visual Studio Solution File, Format Version 12.00
# Visual Studio 2012
Project("{f2a71f9b-5d33-465a-a702-920d77279786}") = "HelloWorld", "HelloWorld\HelloWorld.fsproj", "{C5FC72FA-3517-4010-B3BB-D75ED99BBC00}"
EndProject
Project("{f2a71f9b-5d33-465a-a702-920d77279786}") = "Leap", "Leap\Leap.fsproj", "{FDA6B42B-5960-4AB4-84A5-632247180C9A}"
EndProject
Project("{f2a71f9b-5d33-465a-a702-920d77279786}") = "Bob", "Bob\Bob.fsproj", "{7D82962B-FB2B-4F64-B83C-A7214EA3384C}"
EndProject
Project("{f2a71f9b-5d33-465a-a702-920d77279786}") = "Gigasecond", "Gigasecond\Gigasecond.fsproj", "{CF48797E-A430-4D7B-A374-6886457F4388}"
EndProject
Project("{f2a71f9b-5d33-465a-a702-920d77279786}") = "DifferenceOfSquares", "DifferenceOfSquares\DifferenceOfSquares.fsproj", "{BFFE80F3-AA40-491B-9719-7AD7B4CBBB1E}"
EndProject
Global
	GlobalSection(SolutionConfigurationPlatforms) = preSolution
		Debug|Any CPU = Debug|Any CPU
		Release|Any CPU = Release|Any CPU
	EndGlobalSection
	GlobalSection(ProjectConfigurationPlatforms) = postSolution
		{C5FC72FA-3517-4010-B3BB-D75ED99BBC00}.Debug|Any CPU.ActiveCfg = Debug|Any CPU
		{C5FC72FA-3517-4010-B3BB-D75ED99BBC00}.Debug|Any CPU.Build.0 = Debug|Any CPU
		{C5FC72FA-3517-4010-B3BB-D75ED99BBC00}.Release|Any CPU.ActiveCfg = Release|Any CPU
		{C5FC72FA-3517-4010-B3BB-D75ED99BBC00}.Release|Any CPU.Build.0 = Release|Any CPU
		{FDA6B42B-5960-4AB4-84A5-632247180C9A}.Debug|Any CPU.ActiveCfg = Debug|Any CPU
		{FDA6B42B-5960-4AB4-84A5-632247180C9A}.Debug|Any CPU.Build.0 = Debug|Any CPU
		{FDA6B42B-5960-4AB4-84A5-632247180C9A}.Release|Any CPU.ActiveCfg = Release|Any CPU
		{FDA6B42B-5960-4AB4-84A5-632247180C9A}.Release|Any CPU.Build.0 = Release|Any CPU
		{7D82962B-FB2B-4F64-B83C-A7214EA3384C}.Debug|Any CPU.ActiveCfg = Debug|Any CPU
		{7D82962B-FB2B-4F64-B83C-A7214EA3384C}.Debug|Any CPU.Build.0 = Debug|Any CPU
		{7D82962B-FB2B-4F64-B83C-A7214EA3384C}.Release|Any CPU.ActiveCfg = Release|Any CPU
		{7D82962B-FB2B-4F64-B83C-A7214EA3384C}.Release|Any CPU.Build.0 = Release|Any CPU
		{CF48797E-A430-4D7B-A374-6886457F4388}.Debug|Any CPU.ActiveCfg = Debug|Any CPU
		{CF48797E-A430-4D7B-A374-6886457F4388}.Debug|Any CPU.Build.0 = Debug|Any CPU
		{CF48797E-A430-4D7B-A374-6886457F4388}.Release|Any CPU.ActiveCfg = Release|Any CPU
		{CF48797E-A430-4D7B-A374-6886457F4388}.Release|Any CPU.Build.0 = Release|Any CPU
		{BFFE80F3-AA40-491B-9719-7AD7B4CBBB1E}.Debug|Any CPU.ActiveCfg = Debug|Any CPU
		{BFFE80F3-AA40-491B-9719-7AD7B4CBBB1E}.Debug|Any CPU.Build.0 = Debug|Any CPU
		{BFFE80F3-AA40-491B-9719-7AD7B4CBBB1E}.Release|Any CPU.ActiveCfg = Release|Any CPU
		{BFFE80F3-AA40-491B-9719-7AD7B4CBBB1E}.Release|Any CPU.Build.0 = Release|Any CPU
	EndGlobalSection
EndGlobal
