
Microsoft Visual Studio Solution File, Format Version 12.00
# Visual Studio 2012
Project("{f2a71f9b-5d33-465a-a702-920d77279786}") = "HelloWorld", "HelloWorld\HelloWorld.fsproj", "{C5FC72FA-3517-4010-B3BB-D75ED99BBC00}"
EndProject
Project("{f2a71f9b-5d33-465a-a702-920d77279786}") = "Leap", "Leap\Leap.fsproj", "{FDA6B42B-5960-4AB4-84A5-632247180C9A}"
EndProject
Project("{f2a71f9b-5d33-465a-a702-920d77279786}") = "Bob", "Bob\Bob.fsproj", "{7D82962B-FB2B-4F64-B83C-A7214EA3384C}"
EndProject
Project("{f2a71f9b-5d33-465a-a702-920d77279786}") = "Gigasecond", "Gigasecond\Gigasecond.fsproj", "{CF48797E-A430-4D7B-A374-6886457F4388}"
EndProject
Project("{f2a71f9b-5d33-465a-a702-920d77279786}") = "DifferenceOfSquares", "DifferenceOfSquares\DifferenceOfSquares.fsproj", "{BFFE80F3-AA40-491B-9719-7AD7B4CBBB1E}"
EndProject
Project("{f2a71f9b-5d33-465a-a702-920d77279786}") = "RNATranscription", "RNATranscription\RNATranscription.fsproj", "{2C26289D-F270-47EB-8746-9A0BAB60C028}"
EndProject
Project("{f2a71f9b-5d33-465a-a702-920d77279786}") = "SumOfMultiples", "SumOfMultiples\SumOfMultiples.fsproj", "{6F806CD7-ECAF-419F-B52A-3C85E8CC43A6}"
EndProject
Project("{f2a71f9b-5d33-465a-a702-920d77279786}") = "SpaceAge", "SpaceAge\SpaceAge.fsproj", "{3D5C6567-C315-4D29-9BAE-48F071C6D2DD}"
EndProject
Project("{f2a71f9b-5d33-465a-a702-920d77279786}") = "Grains", "Grains\Grains.fsproj", "{9757DCFC-4CF2-43C8-AFB9-62C8B24A20CB}"
EndProject
Project("{f2a71f9b-5d33-465a-a702-920d77279786}") = "Hamming", "Hamming\Hamming.fsproj", "{DADFF253-65CA-433F-A1F0-14DEA16FCB6B}"
EndProject
Project("{f2a71f9b-5d33-465a-a702-920d77279786}") = "NucleotideCount", "NucleotideCount\NucleotideCount.fsproj", "{B2CEEFC5-F5DD-4E14-B342-B6F67ADB3C6F}"
EndProject
Project("{f2a71f9b-5d33-465a-a702-920d77279786}") = "Accumulate", "Accumulate\Accumulate.fsproj", "{35FCD147-7F3A-444A-A1DC-16F5A618C767}"
EndProject
Project("{f2a71f9b-5d33-465a-a702-920d77279786}") = "Raindrops", "Raindrops\Raindrops.fsproj", "{5F659E75-722F-47D8-820E-9873923BBD70}"
EndProject
Project("{f2a71f9b-5d33-465a-a702-920d77279786}") = "GradeSchool", "GradeSchoolProgram\GradeSchool.fsproj", "{1A2A572C-E232-4E7C-A3F9-9058A164D3A6}"
EndProject
Project("{f2a71f9b-5d33-465a-a702-920d77279786}") = "Pangram", "Pangram\Pangram.fsproj", "{DAD4FECD-9E87-422A-8544-84C356216340}"
EndProject
Project("{f2a71f9b-5d33-465a-a702-920d77279786}") = "ETL", "ETLProgram\ETL.fsproj", "{AD86505D-7803-4AFF-84B0-66D51B155C35}"
EndProject
Project("{f2a71f9b-5d33-465a-a702-920d77279786}") = "Clock", "ClockProgram\Clock.fsproj", "{CA087C9F-9A36-41A8-A6AB-66D3BA0DBFAD}"
EndProject
Project("{f2a71f9b-5d33-465a-a702-920d77279786}") = "BeerSong", "BeerSong\BeerSong.fsproj", "{37B8EFCC-D1B3-47BE-A595-7BCF0A5737D3}"
EndProject
Project("{f2a71f9b-5d33-465a-a702-920d77279786}") = "Triangle", "Triangle\Triangle.fsproj", "{B20FD6A8-787F-4710-A9E1-B43838F32ECE}"
EndProject
Project("{f2a71f9b-5d33-465a-a702-920d77279786}") = "RobotName", "Robot\RobotName.fsproj", "{96C8A5FB-818D-4AAD-80D4-B7F11B72FBBD}"
EndProject
Project("{f2a71f9b-5d33-465a-a702-920d77279786}") = "ErrorHandling", "ErrorHandling\ErrorHandling.fsproj", "{8B4EB12F-2F60-42F7-8172-BF81CBC1F179}"
EndProject
Project("{f2a71f9b-5d33-465a-a702-920d77279786}") = "ScrabbleScore", "ScrabbleScore\ScrabbleScore.fsproj", "{D88D5A13-FA24-4137-A2FD-E638AD3FBAC8}"
EndProject
Project("{f2a71f9b-5d33-465a-a702-920d77279786}") = "Proverb", "Proverb\Proverb.fsproj", "{533FB5DA-5319-4C14-BF67-6250FBAFC367}"
EndProject
Project("{f2a71f9b-5d33-465a-a702-920d77279786}") = "ProteinTranslation", "ProteinTranslation\ProteinTranslation.fsproj", "{4D7692FA-BA9F-4407-91E5-B59A14F10717}"
EndProject
Project("{f2a71f9b-5d33-465a-a702-920d77279786}") = "KinderGartenGarden", "KinderGartenGarden\KinderGartenGarden.fsproj", "{7B6B5DFD-12C2-4531-B85D-6A32D1860388}"
EndProject
Project("{f2a71f9b-5d33-465a-a702-920d77279786}") = "QueenAttack", "QueenAttack\QueenAttack.fsproj", "{89A7A511-FBE6-4DB5-A9E0-DBFC1B41FD91}"
EndProject
Project("{f2a71f9b-5d33-465a-a702-920d77279786}") = "Strain", "Strain\Strain.fsproj", "{53FF171B-4686-44BD-AD36-BFAE5A93649B}"
EndProject
Project("{f2a71f9b-5d33-465a-a702-920d77279786}") = "Isogram", "Isogram\Isogram.fsproj", "{B282086A-D073-4576-BC94-00EAC2E28578}"
EndProject
Project("{f2a71f9b-5d33-465a-a702-920d77279786}") = "Sieve", "Sieve\Sieve.fsproj", "{6CF371F6-0D42-43D7-9456-B0D5025F4B8D}"
EndProject
Project("{f2a71f9b-5d33-465a-a702-920d77279786}") = "PhoneNumber", "PhoneNumber\PhoneNumber.fsproj", "{8ABDB2F8-BE69-4FE2-9B6D-C653BAA70AF5}"
EndProject
Project("{f2a71f9b-5d33-465a-a702-920d77279786}") = "PerfectNumbers", "PerfectNumber\PerfectNumbers.fsproj", "{893C1952-0BA0-4CAB-9AD3-0B2F8F0C8594}"
EndProject
Project("{f2a71f9b-5d33-465a-a702-920d77279786}") = "RobotSimulator", "RobotSimulator\RobotSimulator.fsproj", "{F038C264-B08F-4915-81C3-C0DB920EE14C}"
EndProject
Project("{f2a71f9b-5d33-465a-a702-920d77279786}") = "BinarySearch", "BinarySearch\BinarySearch.fsproj", "{C6CF177F-D183-4B7F-B4BA-0F2839789594}"
EndProject
Project("{f2a71f9b-5d33-465a-a702-920d77279786}") = "SecretHandshake", "SecretHandshake\SecretHandshake.fsproj", "{27A7B06F-3749-42AC-8C92-CDD448BD6BEE}"
EndProject
Project("{f2a71f9b-5d33-465a-a702-920d77279786}") = "WordCount", "WordCount\WordCount.fsproj", "{499AF866-4A21-4F84-B494-FF8A5C94346D}"
EndProject
Project("{f2a71f9b-5d33-465a-a702-920d77279786}") = "Allergies", "Allergies\Allergies.fsproj", "{5A2A802B-4E37-40A4-BD35-D9EC7DEEE1E7}"
EndProject
Project("{f2a71f9b-5d33-465a-a702-920d77279786}") = "TwelveDays", "TwelveDays\TwelveDays.fsproj", "{A9550C01-5A83-40A5-A0A4-2B7E13A12919}"
EndProject
Project("{f2a71f9b-5d33-465a-a702-920d77279786}") = "Meetup", "Meetup\Meetup.fsproj", "{61CAEEA6-BFB8-438B-80CC-DD2AA4EF4BD1}"
EndProject
Global
	GlobalSection(SolutionConfigurationPlatforms) = preSolution
		Debug|Any CPU = Debug|Any CPU
		Release|Any CPU = Release|Any CPU
	EndGlobalSection
	GlobalSection(ProjectConfigurationPlatforms) = postSolution
		{C5FC72FA-3517-4010-B3BB-D75ED99BBC00}.Debug|Any CPU.ActiveCfg = Debug|Any CPU
		{C5FC72FA-3517-4010-B3BB-D75ED99BBC00}.Debug|Any CPU.Build.0 = Debug|Any CPU
		{C5FC72FA-3517-4010-B3BB-D75ED99BBC00}.Release|Any CPU.ActiveCfg = Release|Any CPU
		{C5FC72FA-3517-4010-B3BB-D75ED99BBC00}.Release|Any CPU.Build.0 = Release|Any CPU
		{FDA6B42B-5960-4AB4-84A5-632247180C9A}.Debug|Any CPU.ActiveCfg = Debug|Any CPU
		{FDA6B42B-5960-4AB4-84A5-632247180C9A}.Debug|Any CPU.Build.0 = Debug|Any CPU
		{FDA6B42B-5960-4AB4-84A5-632247180C9A}.Release|Any CPU.ActiveCfg = Release|Any CPU
		{FDA6B42B-5960-4AB4-84A5-632247180C9A}.Release|Any CPU.Build.0 = Release|Any CPU
		{7D82962B-FB2B-4F64-B83C-A7214EA3384C}.Debug|Any CPU.ActiveCfg = Debug|Any CPU
		{7D82962B-FB2B-4F64-B83C-A7214EA3384C}.Debug|Any CPU.Build.0 = Debug|Any CPU
		{7D82962B-FB2B-4F64-B83C-A7214EA3384C}.Release|Any CPU.ActiveCfg = Release|Any CPU
		{7D82962B-FB2B-4F64-B83C-A7214EA3384C}.Release|Any CPU.Build.0 = Release|Any CPU
		{CF48797E-A430-4D7B-A374-6886457F4388}.Debug|Any CPU.ActiveCfg = Debug|Any CPU
		{CF48797E-A430-4D7B-A374-6886457F4388}.Debug|Any CPU.Build.0 = Debug|Any CPU
		{CF48797E-A430-4D7B-A374-6886457F4388}.Release|Any CPU.ActiveCfg = Release|Any CPU
		{CF48797E-A430-4D7B-A374-6886457F4388}.Release|Any CPU.Build.0 = Release|Any CPU
		{BFFE80F3-AA40-491B-9719-7AD7B4CBBB1E}.Debug|Any CPU.ActiveCfg = Debug|Any CPU
		{BFFE80F3-AA40-491B-9719-7AD7B4CBBB1E}.Debug|Any CPU.Build.0 = Debug|Any CPU
		{BFFE80F3-AA40-491B-9719-7AD7B4CBBB1E}.Release|Any CPU.ActiveCfg = Release|Any CPU
		{BFFE80F3-AA40-491B-9719-7AD7B4CBBB1E}.Release|Any CPU.Build.0 = Release|Any CPU
		{2C26289D-F270-47EB-8746-9A0BAB60C028}.Debug|Any CPU.ActiveCfg = Debug|Any CPU
		{2C26289D-F270-47EB-8746-9A0BAB60C028}.Debug|Any CPU.Build.0 = Debug|Any CPU
		{2C26289D-F270-47EB-8746-9A0BAB60C028}.Release|Any CPU.ActiveCfg = Release|Any CPU
		{2C26289D-F270-47EB-8746-9A0BAB60C028}.Release|Any CPU.Build.0 = Release|Any CPU
		{6F806CD7-ECAF-419F-B52A-3C85E8CC43A6}.Debug|Any CPU.ActiveCfg = Debug|Any CPU
		{6F806CD7-ECAF-419F-B52A-3C85E8CC43A6}.Debug|Any CPU.Build.0 = Debug|Any CPU
		{6F806CD7-ECAF-419F-B52A-3C85E8CC43A6}.Release|Any CPU.ActiveCfg = Release|Any CPU
		{6F806CD7-ECAF-419F-B52A-3C85E8CC43A6}.Release|Any CPU.Build.0 = Release|Any CPU
		{3D5C6567-C315-4D29-9BAE-48F071C6D2DD}.Debug|Any CPU.ActiveCfg = Debug|Any CPU
		{3D5C6567-C315-4D29-9BAE-48F071C6D2DD}.Debug|Any CPU.Build.0 = Debug|Any CPU
		{3D5C6567-C315-4D29-9BAE-48F071C6D2DD}.Release|Any CPU.ActiveCfg = Release|Any CPU
		{3D5C6567-C315-4D29-9BAE-48F071C6D2DD}.Release|Any CPU.Build.0 = Release|Any CPU
		{9757DCFC-4CF2-43C8-AFB9-62C8B24A20CB}.Debug|Any CPU.ActiveCfg = Debug|Any CPU
		{9757DCFC-4CF2-43C8-AFB9-62C8B24A20CB}.Debug|Any CPU.Build.0 = Debug|Any CPU
		{9757DCFC-4CF2-43C8-AFB9-62C8B24A20CB}.Release|Any CPU.ActiveCfg = Release|Any CPU
		{9757DCFC-4CF2-43C8-AFB9-62C8B24A20CB}.Release|Any CPU.Build.0 = Release|Any CPU
		{DADFF253-65CA-433F-A1F0-14DEA16FCB6B}.Debug|Any CPU.ActiveCfg = Debug|Any CPU
		{DADFF253-65CA-433F-A1F0-14DEA16FCB6B}.Debug|Any CPU.Build.0 = Debug|Any CPU
		{DADFF253-65CA-433F-A1F0-14DEA16FCB6B}.Release|Any CPU.ActiveCfg = Release|Any CPU
		{DADFF253-65CA-433F-A1F0-14DEA16FCB6B}.Release|Any CPU.Build.0 = Release|Any CPU
		{B2CEEFC5-F5DD-4E14-B342-B6F67ADB3C6F}.Debug|Any CPU.ActiveCfg = Debug|Any CPU
		{B2CEEFC5-F5DD-4E14-B342-B6F67ADB3C6F}.Debug|Any CPU.Build.0 = Debug|Any CPU
		{B2CEEFC5-F5DD-4E14-B342-B6F67ADB3C6F}.Release|Any CPU.ActiveCfg = Release|Any CPU
		{B2CEEFC5-F5DD-4E14-B342-B6F67ADB3C6F}.Release|Any CPU.Build.0 = Release|Any CPU
		{35FCD147-7F3A-444A-A1DC-16F5A618C767}.Debug|Any CPU.ActiveCfg = Debug|Any CPU
		{35FCD147-7F3A-444A-A1DC-16F5A618C767}.Debug|Any CPU.Build.0 = Debug|Any CPU
		{35FCD147-7F3A-444A-A1DC-16F5A618C767}.Release|Any CPU.ActiveCfg = Release|Any CPU
		{35FCD147-7F3A-444A-A1DC-16F5A618C767}.Release|Any CPU.Build.0 = Release|Any CPU
		{5F659E75-722F-47D8-820E-9873923BBD70}.Debug|Any CPU.ActiveCfg = Debug|Any CPU
		{5F659E75-722F-47D8-820E-9873923BBD70}.Debug|Any CPU.Build.0 = Debug|Any CPU
		{5F659E75-722F-47D8-820E-9873923BBD70}.Release|Any CPU.ActiveCfg = Release|Any CPU
		{5F659E75-722F-47D8-820E-9873923BBD70}.Release|Any CPU.Build.0 = Release|Any CPU
		{1A2A572C-E232-4E7C-A3F9-9058A164D3A6}.Debug|Any CPU.ActiveCfg = Debug|Any CPU
		{1A2A572C-E232-4E7C-A3F9-9058A164D3A6}.Debug|Any CPU.Build.0 = Debug|Any CPU
		{1A2A572C-E232-4E7C-A3F9-9058A164D3A6}.Release|Any CPU.ActiveCfg = Release|Any CPU
		{1A2A572C-E232-4E7C-A3F9-9058A164D3A6}.Release|Any CPU.Build.0 = Release|Any CPU
		{DAD4FECD-9E87-422A-8544-84C356216340}.Debug|Any CPU.ActiveCfg = Debug|Any CPU
		{DAD4FECD-9E87-422A-8544-84C356216340}.Debug|Any CPU.Build.0 = Debug|Any CPU
		{DAD4FECD-9E87-422A-8544-84C356216340}.Release|Any CPU.ActiveCfg = Release|Any CPU
		{DAD4FECD-9E87-422A-8544-84C356216340}.Release|Any CPU.Build.0 = Release|Any CPU
		{AD86505D-7803-4AFF-84B0-66D51B155C35}.Debug|Any CPU.ActiveCfg = Debug|Any CPU
		{AD86505D-7803-4AFF-84B0-66D51B155C35}.Debug|Any CPU.Build.0 = Debug|Any CPU
		{AD86505D-7803-4AFF-84B0-66D51B155C35}.Release|Any CPU.ActiveCfg = Release|Any CPU
		{AD86505D-7803-4AFF-84B0-66D51B155C35}.Release|Any CPU.Build.0 = Release|Any CPU
		{CA087C9F-9A36-41A8-A6AB-66D3BA0DBFAD}.Debug|Any CPU.ActiveCfg = Debug|Any CPU
		{CA087C9F-9A36-41A8-A6AB-66D3BA0DBFAD}.Debug|Any CPU.Build.0 = Debug|Any CPU
		{CA087C9F-9A36-41A8-A6AB-66D3BA0DBFAD}.Release|Any CPU.ActiveCfg = Release|Any CPU
		{CA087C9F-9A36-41A8-A6AB-66D3BA0DBFAD}.Release|Any CPU.Build.0 = Release|Any CPU
		{37B8EFCC-D1B3-47BE-A595-7BCF0A5737D3}.Debug|Any CPU.ActiveCfg = Debug|Any CPU
		{37B8EFCC-D1B3-47BE-A595-7BCF0A5737D3}.Debug|Any CPU.Build.0 = Debug|Any CPU
		{37B8EFCC-D1B3-47BE-A595-7BCF0A5737D3}.Release|Any CPU.ActiveCfg = Release|Any CPU
		{37B8EFCC-D1B3-47BE-A595-7BCF0A5737D3}.Release|Any CPU.Build.0 = Release|Any CPU
		{B20FD6A8-787F-4710-A9E1-B43838F32ECE}.Debug|Any CPU.ActiveCfg = Debug|Any CPU
		{B20FD6A8-787F-4710-A9E1-B43838F32ECE}.Debug|Any CPU.Build.0 = Debug|Any CPU
		{B20FD6A8-787F-4710-A9E1-B43838F32ECE}.Release|Any CPU.ActiveCfg = Release|Any CPU
		{B20FD6A8-787F-4710-A9E1-B43838F32ECE}.Release|Any CPU.Build.0 = Release|Any CPU
		{96C8A5FB-818D-4AAD-80D4-B7F11B72FBBD}.Debug|Any CPU.ActiveCfg = Debug|Any CPU
		{96C8A5FB-818D-4AAD-80D4-B7F11B72FBBD}.Debug|Any CPU.Build.0 = Debug|Any CPU
		{96C8A5FB-818D-4AAD-80D4-B7F11B72FBBD}.Release|Any CPU.ActiveCfg = Release|Any CPU
		{96C8A5FB-818D-4AAD-80D4-B7F11B72FBBD}.Release|Any CPU.Build.0 = Release|Any CPU
		{8B4EB12F-2F60-42F7-8172-BF81CBC1F179}.Debug|Any CPU.ActiveCfg = Debug|Any CPU
		{8B4EB12F-2F60-42F7-8172-BF81CBC1F179}.Debug|Any CPU.Build.0 = Debug|Any CPU
		{8B4EB12F-2F60-42F7-8172-BF81CBC1F179}.Release|Any CPU.ActiveCfg = Release|Any CPU
		{8B4EB12F-2F60-42F7-8172-BF81CBC1F179}.Release|Any CPU.Build.0 = Release|Any CPU
		{D88D5A13-FA24-4137-A2FD-E638AD3FBAC8}.Debug|Any CPU.ActiveCfg = Debug|Any CPU
		{D88D5A13-FA24-4137-A2FD-E638AD3FBAC8}.Debug|Any CPU.Build.0 = Debug|Any CPU
		{D88D5A13-FA24-4137-A2FD-E638AD3FBAC8}.Release|Any CPU.ActiveCfg = Release|Any CPU
		{D88D5A13-FA24-4137-A2FD-E638AD3FBAC8}.Release|Any CPU.Build.0 = Release|Any CPU
		{533FB5DA-5319-4C14-BF67-6250FBAFC367}.Debug|Any CPU.ActiveCfg = Debug|Any CPU
		{533FB5DA-5319-4C14-BF67-6250FBAFC367}.Debug|Any CPU.Build.0 = Debug|Any CPU
		{533FB5DA-5319-4C14-BF67-6250FBAFC367}.Release|Any CPU.ActiveCfg = Release|Any CPU
		{533FB5DA-5319-4C14-BF67-6250FBAFC367}.Release|Any CPU.Build.0 = Release|Any CPU
		{4D7692FA-BA9F-4407-91E5-B59A14F10717}.Debug|Any CPU.ActiveCfg = Debug|Any CPU
		{4D7692FA-BA9F-4407-91E5-B59A14F10717}.Debug|Any CPU.Build.0 = Debug|Any CPU
		{4D7692FA-BA9F-4407-91E5-B59A14F10717}.Release|Any CPU.ActiveCfg = Release|Any CPU
		{4D7692FA-BA9F-4407-91E5-B59A14F10717}.Release|Any CPU.Build.0 = Release|Any CPU
		{7B6B5DFD-12C2-4531-B85D-6A32D1860388}.Debug|Any CPU.ActiveCfg = Debug|Any CPU
		{7B6B5DFD-12C2-4531-B85D-6A32D1860388}.Debug|Any CPU.Build.0 = Debug|Any CPU
		{7B6B5DFD-12C2-4531-B85D-6A32D1860388}.Release|Any CPU.ActiveCfg = Release|Any CPU
		{7B6B5DFD-12C2-4531-B85D-6A32D1860388}.Release|Any CPU.Build.0 = Release|Any CPU
		{89A7A511-FBE6-4DB5-A9E0-DBFC1B41FD91}.Debug|Any CPU.ActiveCfg = Debug|Any CPU
		{89A7A511-FBE6-4DB5-A9E0-DBFC1B41FD91}.Debug|Any CPU.Build.0 = Debug|Any CPU
		{89A7A511-FBE6-4DB5-A9E0-DBFC1B41FD91}.Release|Any CPU.ActiveCfg = Release|Any CPU
		{89A7A511-FBE6-4DB5-A9E0-DBFC1B41FD91}.Release|Any CPU.Build.0 = Release|Any CPU
		{53FF171B-4686-44BD-AD36-BFAE5A93649B}.Debug|Any CPU.ActiveCfg = Debug|Any CPU
		{53FF171B-4686-44BD-AD36-BFAE5A93649B}.Debug|Any CPU.Build.0 = Debug|Any CPU
		{53FF171B-4686-44BD-AD36-BFAE5A93649B}.Release|Any CPU.ActiveCfg = Release|Any CPU
		{53FF171B-4686-44BD-AD36-BFAE5A93649B}.Release|Any CPU.Build.0 = Release|Any CPU
		{B282086A-D073-4576-BC94-00EAC2E28578}.Debug|Any CPU.ActiveCfg = Debug|Any CPU
		{B282086A-D073-4576-BC94-00EAC2E28578}.Debug|Any CPU.Build.0 = Debug|Any CPU
		{B282086A-D073-4576-BC94-00EAC2E28578}.Release|Any CPU.ActiveCfg = Release|Any CPU
		{B282086A-D073-4576-BC94-00EAC2E28578}.Release|Any CPU.Build.0 = Release|Any CPU
		{6CF371F6-0D42-43D7-9456-B0D5025F4B8D}.Debug|Any CPU.ActiveCfg = Debug|Any CPU
		{6CF371F6-0D42-43D7-9456-B0D5025F4B8D}.Debug|Any CPU.Build.0 = Debug|Any CPU
		{6CF371F6-0D42-43D7-9456-B0D5025F4B8D}.Release|Any CPU.ActiveCfg = Release|Any CPU
		{6CF371F6-0D42-43D7-9456-B0D5025F4B8D}.Release|Any CPU.Build.0 = Release|Any CPU
		{8ABDB2F8-BE69-4FE2-9B6D-C653BAA70AF5}.Debug|Any CPU.ActiveCfg = Debug|Any CPU
		{8ABDB2F8-BE69-4FE2-9B6D-C653BAA70AF5}.Debug|Any CPU.Build.0 = Debug|Any CPU
		{8ABDB2F8-BE69-4FE2-9B6D-C653BAA70AF5}.Release|Any CPU.ActiveCfg = Release|Any CPU
		{8ABDB2F8-BE69-4FE2-9B6D-C653BAA70AF5}.Release|Any CPU.Build.0 = Release|Any CPU
		{893C1952-0BA0-4CAB-9AD3-0B2F8F0C8594}.Debug|Any CPU.ActiveCfg = Debug|Any CPU
		{893C1952-0BA0-4CAB-9AD3-0B2F8F0C8594}.Debug|Any CPU.Build.0 = Debug|Any CPU
		{893C1952-0BA0-4CAB-9AD3-0B2F8F0C8594}.Release|Any CPU.ActiveCfg = Release|Any CPU
		{893C1952-0BA0-4CAB-9AD3-0B2F8F0C8594}.Release|Any CPU.Build.0 = Release|Any CPU
		{F038C264-B08F-4915-81C3-C0DB920EE14C}.Debug|Any CPU.ActiveCfg = Debug|Any CPU
		{F038C264-B08F-4915-81C3-C0DB920EE14C}.Debug|Any CPU.Build.0 = Debug|Any CPU
		{F038C264-B08F-4915-81C3-C0DB920EE14C}.Release|Any CPU.ActiveCfg = Release|Any CPU
		{F038C264-B08F-4915-81C3-C0DB920EE14C}.Release|Any CPU.Build.0 = Release|Any CPU
		{C6CF177F-D183-4B7F-B4BA-0F2839789594}.Debug|Any CPU.ActiveCfg = Debug|Any CPU
		{C6CF177F-D183-4B7F-B4BA-0F2839789594}.Debug|Any CPU.Build.0 = Debug|Any CPU
		{C6CF177F-D183-4B7F-B4BA-0F2839789594}.Release|Any CPU.ActiveCfg = Release|Any CPU
		{C6CF177F-D183-4B7F-B4BA-0F2839789594}.Release|Any CPU.Build.0 = Release|Any CPU
		{27A7B06F-3749-42AC-8C92-CDD448BD6BEE}.Debug|Any CPU.ActiveCfg = Debug|Any CPU
		{27A7B06F-3749-42AC-8C92-CDD448BD6BEE}.Debug|Any CPU.Build.0 = Debug|Any CPU
		{27A7B06F-3749-42AC-8C92-CDD448BD6BEE}.Release|Any CPU.ActiveCfg = Release|Any CPU
		{27A7B06F-3749-42AC-8C92-CDD448BD6BEE}.Release|Any CPU.Build.0 = Release|Any CPU
		{499AF866-4A21-4F84-B494-FF8A5C94346D}.Debug|Any CPU.ActiveCfg = Debug|Any CPU
		{499AF866-4A21-4F84-B494-FF8A5C94346D}.Debug|Any CPU.Build.0 = Debug|Any CPU
		{499AF866-4A21-4F84-B494-FF8A5C94346D}.Release|Any CPU.ActiveCfg = Release|Any CPU
		{499AF866-4A21-4F84-B494-FF8A5C94346D}.Release|Any CPU.Build.0 = Release|Any CPU
		{5A2A802B-4E37-40A4-BD35-D9EC7DEEE1E7}.Debug|Any CPU.ActiveCfg = Debug|Any CPU
		{5A2A802B-4E37-40A4-BD35-D9EC7DEEE1E7}.Debug|Any CPU.Build.0 = Debug|Any CPU
		{5A2A802B-4E37-40A4-BD35-D9EC7DEEE1E7}.Release|Any CPU.ActiveCfg = Release|Any CPU
		{5A2A802B-4E37-40A4-BD35-D9EC7DEEE1E7}.Release|Any CPU.Build.0 = Release|Any CPU
		{A9550C01-5A83-40A5-A0A4-2B7E13A12919}.Debug|Any CPU.ActiveCfg = Debug|Any CPU
		{A9550C01-5A83-40A5-A0A4-2B7E13A12919}.Debug|Any CPU.Build.0 = Debug|Any CPU
		{A9550C01-5A83-40A5-A0A4-2B7E13A12919}.Release|Any CPU.ActiveCfg = Release|Any CPU
		{A9550C01-5A83-40A5-A0A4-2B7E13A12919}.Release|Any CPU.Build.0 = Release|Any CPU
		{61CAEEA6-BFB8-438B-80CC-DD2AA4EF4BD1}.Debug|Any CPU.ActiveCfg = Debug|Any CPU
		{61CAEEA6-BFB8-438B-80CC-DD2AA4EF4BD1}.Debug|Any CPU.Build.0 = Debug|Any CPU
		{61CAEEA6-BFB8-438B-80CC-DD2AA4EF4BD1}.Release|Any CPU.ActiveCfg = Release|Any CPU
		{61CAEEA6-BFB8-438B-80CC-DD2AA4EF4BD1}.Release|Any CPU.Build.0 = Release|Any CPU
	EndGlobalSection
EndGlobal
